// !$*UTF8*$!
{
	archiveVersion = 1;
	classes = {
	};
	objectVersion = 56;
	objects = {

/* Begin PBXBuildFile section */
		AB8F20A62A41E1CF004F9966 /* HomeworkApp.swift in Sources */ = {isa = PBXBuildFile; fileRef = AB8F20A52A41E1CF004F9966 /* HomeworkApp.swift */; };
		AB8F20A82A41E1CF004F9966 /* ContentView.swift in Sources */ = {isa = PBXBuildFile; fileRef = AB8F20A72A41E1CF004F9966 /* ContentView.swift */; };
		AB8F20AA2A41E1D0004F9966 /* Assets.xcassets in Resources */ = {isa = PBXBuildFile; fileRef = AB8F20A92A41E1D0004F9966 /* Assets.xcassets */; };
		AB8F20AD2A41E1D0004F9966 /* Preview Assets.xcassets in Resources */ = {isa = PBXBuildFile; fileRef = AB8F20AC2A41E1D0004F9966 /* Preview Assets.xcassets */; };
		AB8F20B72A41E1D0004F9966 /* HomeworkTests.swift in Sources */ = {isa = PBXBuildFile; fileRef = AB8F20B62A41E1D0004F9966 /* HomeworkTests.swift */; };
		AB8F20C12A41E1D0004F9966 /* HomeworkUITests.swift in Sources */ = {isa = PBXBuildFile; fileRef = AB8F20C02A41E1D0004F9966 /* HomeworkUITests.swift */; };
		AB8F20C32A41E1D0004F9966 /* HomeworkUITestsLaunchTests.swift in Sources */ = {isa = PBXBuildFile; fileRef = AB8F20C22A41E1D0004F9966 /* HomeworkUITestsLaunchTests.swift */; };
		AB8F20D02A41EDA1004F9966 /* AlignmentListView.swift in Sources */ = {isa = PBXBuildFile; fileRef = AB8F20CF2A41EDA1004F9966 /* AlignmentListView.swift */; };
		AB8F20D22A433C94004F9966 /* Alignment+Extension.swift in Sources */ = {isa = PBXBuildFile; fileRef = AB8F20D12A433C94004F9966 /* Alignment+Extension.swift */; };
		AB8F20D42A433FB0004F9966 /* AlignmentRow.swift in Sources */ = {isa = PBXBuildFile; fileRef = AB8F20D32A433FB0004F9966 /* AlignmentRow.swift */; };
		ABA134132A4C6A47001820AF /* HomeworkListView.swift in Sources */ = {isa = PBXBuildFile; fileRef = ABA134122A4C6A46001820AF /* HomeworkListView.swift */; };
		ABA134152A4C6A80001820AF /* ZStackContentView.swift in Sources */ = {isa = PBXBuildFile; fileRef = ABA134142A4C6A80001820AF /* ZStackContentView.swift */; };
		ABA134182A4C6BC2001820AF /* HStackContentView.swift in Sources */ = {isa = PBXBuildFile; fileRef = ABA134172A4C6BC2001820AF /* HStackContentView.swift */; };
		ABA1341A2A4DB678001820AF /* VerticalAlignment+Extension.swift in Sources */ = {isa = PBXBuildFile; fileRef = ABA134192A4DB678001820AF /* VerticalAlignment+Extension.swift */; };
		ABB5A5402A5EE046006FC159 /* AppStoreContentView.swift in Sources */ = {isa = PBXBuildFile; fileRef = ABB5A53F2A5EE046006FC159 /* AppStoreContentView.swift */; };
		ABB5A5432A5EE976006FC159 /* ListView.swift in Sources */ = {isa = PBXBuildFile; fileRef = ABB5A5422A5EE976006FC159 /* ListView.swift */; };
/* End PBXBuildFile section */

/* Begin PBXContainerItemProxy section */
		AB8F20B32A41E1D0004F9966 /* PBXContainerItemProxy */ = {
			isa = PBXContainerItemProxy;
			containerPortal = AB8F209A2A41E1CF004F9966 /* Project object */;
			proxyType = 1;
			remoteGlobalIDString = AB8F20A12A41E1CF004F9966;
			remoteInfo = Homework;
		};
		AB8F20BD2A41E1D0004F9966 /* PBXContainerItemProxy */ = {
			isa = PBXContainerItemProxy;
			containerPortal = AB8F209A2A41E1CF004F9966 /* Project object */;
			proxyType = 1;
			remoteGlobalIDString = AB8F20A12A41E1CF004F9966;
			remoteInfo = Homework;
		};
/* End PBXContainerItemProxy section */

/* Begin PBXFileReference section */
		AB8F20A22A41E1CF004F9966 /* Homework.app */ = {isa = PBXFileReference; explicitFileType = wrapper.application; includeInIndex = 0; path = Homework.app; sourceTree = BUILT_PRODUCTS_DIR; };
		AB8F20A52A41E1CF004F9966 /* HomeworkApp.swift */ = {isa = PBXFileReference; lastKnownFileType = sourcecode.swift; path = HomeworkApp.swift; sourceTree = "<group>"; };
		AB8F20A72A41E1CF004F9966 /* ContentView.swift */ = {isa = PBXFileReference; lastKnownFileType = sourcecode.swift; path = ContentView.swift; sourceTree = "<group>"; };
		AB8F20A92A41E1D0004F9966 /* Assets.xcassets */ = {isa = PBXFileReference; lastKnownFileType = folder.assetcatalog; path = Assets.xcassets; sourceTree = "<group>"; };
		AB8F20AC2A41E1D0004F9966 /* Preview Assets.xcassets */ = {isa = PBXFileReference; lastKnownFileType = folder.assetcatalog; path = "Preview Assets.xcassets"; sourceTree = "<group>"; };
		AB8F20B22A41E1D0004F9966 /* HomeworkTests.xctest */ = {isa = PBXFileReference; explicitFileType = wrapper.cfbundle; includeInIndex = 0; path = HomeworkTests.xctest; sourceTree = BUILT_PRODUCTS_DIR; };
		AB8F20B62A41E1D0004F9966 /* HomeworkTests.swift */ = {isa = PBXFileReference; lastKnownFileType = sourcecode.swift; path = HomeworkTests.swift; sourceTree = "<group>"; };
		AB8F20BC2A41E1D0004F9966 /* HomeworkUITests.xctest */ = {isa = PBXFileReference; explicitFileType = wrapper.cfbundle; includeInIndex = 0; path = HomeworkUITests.xctest; sourceTree = BUILT_PRODUCTS_DIR; };
		AB8F20C02A41E1D0004F9966 /* HomeworkUITests.swift */ = {isa = PBXFileReference; lastKnownFileType = sourcecode.swift; path = HomeworkUITests.swift; sourceTree = "<group>"; };
		AB8F20C22A41E1D0004F9966 /* HomeworkUITestsLaunchTests.swift */ = {isa = PBXFileReference; lastKnownFileType = sourcecode.swift; path = HomeworkUITestsLaunchTests.swift; sourceTree = "<group>"; };
		AB8F20CF2A41EDA1004F9966 /* AlignmentListView.swift */ = {isa = PBXFileReference; lastKnownFileType = sourcecode.swift; path = AlignmentListView.swift; sourceTree = "<group>"; };
		AB8F20D12A433C94004F9966 /* Alignment+Extension.swift */ = {isa = PBXFileReference; lastKnownFileType = sourcecode.swift; path = "Alignment+Extension.swift"; sourceTree = "<group>"; };
		AB8F20D32A433FB0004F9966 /* AlignmentRow.swift */ = {isa = PBXFileReference; lastKnownFileType = sourcecode.swift; path = AlignmentRow.swift; sourceTree = "<group>"; };
		ABA134122A4C6A46001820AF /* HomeworkListView.swift */ = {isa = PBXFileReference; lastKnownFileType = sourcecode.swift; path = HomeworkListView.swift; sourceTree = "<group>"; };
		ABA134142A4C6A80001820AF /* ZStackContentView.swift */ = {isa = PBXFileReference; lastKnownFileType = sourcecode.swift; path = ZStackContentView.swift; sourceTree = "<group>"; };
		ABA134172A4C6BC2001820AF /* HStackContentView.swift */ = {isa = PBXFileReference; lastKnownFileType = sourcecode.swift; path = HStackContentView.swift; sourceTree = "<group>"; };
		ABA134192A4DB678001820AF /* VerticalAlignment+Extension.swift */ = {isa = PBXFileReference; lastKnownFileType = sourcecode.swift; path = "VerticalAlignment+Extension.swift"; sourceTree = "<group>"; };
		ABB5A53F2A5EE046006FC159 /* AppStoreContentView.swift */ = {isa = PBXFileReference; lastKnownFileType = sourcecode.swift; path = AppStoreContentView.swift; sourceTree = "<group>"; };
		ABB5A5422A5EE976006FC159 /* ListView.swift */ = {isa = PBXFileReference; lastKnownFileType = sourcecode.swift; path = ListView.swift; sourceTree = "<group>"; };
/* End PBXFileReference section */

/* Begin PBXFrameworksBuildPhase section */
		AB8F209F2A41E1CF004F9966 /* Frameworks */ = {
			isa = PBXFrameworksBuildPhase;
			buildActionMask = 2147483647;
			files = (
			);
			runOnlyForDeploymentPostprocessing = 0;
		};
		AB8F20AF2A41E1D0004F9966 /* Frameworks */ = {
			isa = PBXFrameworksBuildPhase;
			buildActionMask = 2147483647;
			files = (
			);
			runOnlyForDeploymentPostprocessing = 0;
		};
		AB8F20B92A41E1D0004F9966 /* Frameworks */ = {
			isa = PBXFrameworksBuildPhase;
			buildActionMask = 2147483647;
			files = (
			);
			runOnlyForDeploymentPostprocessing = 0;
		};
/* End PBXFrameworksBuildPhase section */

/* Begin PBXGroup section */
		AB8F20992A41E1CF004F9966 = {
			isa = PBXGroup;
			children = (
				AB8F20A42A41E1CF004F9966 /* Homework */,
				AB8F20B52A41E1D0004F9966 /* HomeworkTests */,
				AB8F20BF2A41E1D0004F9966 /* HomeworkUITests */,
				AB8F20A32A41E1CF004F9966 /* Products */,
			);
			sourceTree = "<group>";
		};
		AB8F20A32A41E1CF004F9966 /* Products */ = {
			isa = PBXGroup;
			children = (
				AB8F20A22A41E1CF004F9966 /* Homework.app */,
				AB8F20B22A41E1D0004F9966 /* HomeworkTests.xctest */,
				AB8F20BC2A41E1D0004F9966 /* HomeworkUITests.xctest */,
			);
			name = Products;
			sourceTree = "<group>";
		};
		AB8F20A42A41E1CF004F9966 /* Homework */ = {
			isa = PBXGroup;
			children = (
				AB8F20A52A41E1CF004F9966 /* HomeworkApp.swift */,
				AB8F20D72A434E59004F9966 /* View */,
				AB8F20D82A434E67004F9966 /* Extension */,
				AB8F20A92A41E1D0004F9966 /* Assets.xcassets */,
				AB8F20AB2A41E1D0004F9966 /* Preview Content */,
			);
			path = Homework;
			sourceTree = "<group>";
		};
		AB8F20AB2A41E1D0004F9966 /* Preview Content */ = {
			isa = PBXGroup;
			children = (
				AB8F20AC2A41E1D0004F9966 /* Preview Assets.xcassets */,
			);
			path = "Preview Content";
			sourceTree = "<group>";
		};
		AB8F20B52A41E1D0004F9966 /* HomeworkTests */ = {
			isa = PBXGroup;
			children = (
				AB8F20B62A41E1D0004F9966 /* HomeworkTests.swift */,
			);
			path = HomeworkTests;
			sourceTree = "<group>";
		};
		AB8F20BF2A41E1D0004F9966 /* HomeworkUITests */ = {
			isa = PBXGroup;
			children = (
				AB8F20C02A41E1D0004F9966 /* HomeworkUITests.swift */,
				AB8F20C22A41E1D0004F9966 /* HomeworkUITestsLaunchTests.swift */,
			);
			path = HomeworkUITests;
			sourceTree = "<group>";
		};
		AB8F20D72A434E59004F9966 /* View */ = {
			isa = PBXGroup;
			children = (
				AB8F20A72A41E1CF004F9966 /* ContentView.swift */,
				ABA134122A4C6A46001820AF /* HomeworkListView.swift */,
				AB8F20D92A434E72004F9966 /* ZStackAlignment */,
				ABA134162A4C6B9A001820AF /* HStackAlignment */,
				ABB5A53E2A5EDF58006FC159 /* StackExample */,
				ABB5A5412A5EE95E006FC159 /* List */,
			);
			path = View;
			sourceTree = "<group>";
		};
		AB8F20D82A434E67004F9966 /* Extension */ = {
			isa = PBXGroup;
			children = (
				AB8F20D12A433C94004F9966 /* Alignment+Extension.swift */,
				ABA134192A4DB678001820AF /* VerticalAlignment+Extension.swift */,
			);
			path = Extension;
			sourceTree = "<group>";
		};
		AB8F20D92A434E72004F9966 /* ZStackAlignment */ = {
			isa = PBXGroup;
			children = (
				ABA134142A4C6A80001820AF /* ZStackContentView.swift */,
				AB8F20CF2A41EDA1004F9966 /* AlignmentListView.swift */,
				AB8F20D32A433FB0004F9966 /* AlignmentRow.swift */,
			);
			path = ZStackAlignment;
			sourceTree = "<group>";
		};
		ABA134162A4C6B9A001820AF /* HStackAlignment */ = {
			isa = PBXGroup;
			children = (
				ABA134172A4C6BC2001820AF /* HStackContentView.swift */,
			);
			path = HStackAlignment;
			sourceTree = "<group>";
		};
		ABB5A53E2A5EDF58006FC159 /* StackExample */ = {
			isa = PBXGroup;
			children = (
				ABB5A53F2A5EE046006FC159 /* AppStoreContentView.swift */,
			);
			path = StackExample;
			sourceTree = "<group>";
		};
		ABB5A5412A5EE95E006FC159 /* List */ = {
			isa = PBXGroup;
			children = (
				ABB5A5422A5EE976006FC159 /* ListView.swift */,
			);
			path = List;
			sourceTree = "<group>";
		};
/* End PBXGroup section */

/* Begin PBXNativeTarget section */
		AB8F20A12A41E1CF004F9966 /* Homework */ = {
			isa = PBXNativeTarget;
			buildConfigurationList = AB8F20C62A41E1D0004F9966 /* Build configuration list for PBXNativeTarget "Homework" */;
			buildPhases = (
				AB8F209E2A41E1CF004F9966 /* Sources */,
				AB8F209F2A41E1CF004F9966 /* Frameworks */,
				AB8F20A02A41E1CF004F9966 /* Resources */,
			);
			buildRules = (
			);
			dependencies = (
			);
			name = Homework;
			productName = Homework;
			productReference = AB8F20A22A41E1CF004F9966 /* Homework.app */;
			productType = "com.apple.product-type.application";
		};
		AB8F20B12A41E1D0004F9966 /* HomeworkTests */ = {
			isa = PBXNativeTarget;
			buildConfigurationList = AB8F20C92A41E1D0004F9966 /* Build configuration list for PBXNativeTarget "HomeworkTests" */;
			buildPhases = (
				AB8F20AE2A41E1D0004F9966 /* Sources */,
				AB8F20AF2A41E1D0004F9966 /* Frameworks */,
				AB8F20B02A41E1D0004F9966 /* Resources */,
			);
			buildRules = (
			);
			dependencies = (
				AB8F20B42A41E1D0004F9966 /* PBXTargetDependency */,
			);
			name = HomeworkTests;
			productName = HomeworkTests;
			productReference = AB8F20B22A41E1D0004F9966 /* HomeworkTests.xctest */;
			productType = "com.apple.product-type.bundle.unit-test";
		};
		AB8F20BB2A41E1D0004F9966 /* HomeworkUITests */ = {
			isa = PBXNativeTarget;
			buildConfigurationList = AB8F20CC2A41E1D0004F9966 /* Build configuration list for PBXNativeTarget "HomeworkUITests" */;
			buildPhases = (
				AB8F20B82A41E1D0004F9966 /* Sources */,
				AB8F20B92A41E1D0004F9966 /* Frameworks */,
				AB8F20BA2A41E1D0004F9966 /* Resources */,
			);
			buildRules = (
			);
			dependencies = (
				AB8F20BE2A41E1D0004F9966 /* PBXTargetDependency */,
			);
			name = HomeworkUITests;
			productName = HomeworkUITests;
			productReference = AB8F20BC2A41E1D0004F9966 /* HomeworkUITests.xctest */;
			productType = "com.apple.product-type.bundle.ui-testing";
		};
/* End PBXNativeTarget section */

/* Begin PBXProject section */
		AB8F209A2A41E1CF004F9966 /* Project object */ = {
			isa = PBXProject;
			attributes = {
				BuildIndependentTargetsInParallel = 1;
				LastSwiftUpdateCheck = 1430;
				LastUpgradeCheck = 1430;
				TargetAttributes = {
					AB8F20A12A41E1CF004F9966 = {
						CreatedOnToolsVersion = 14.3;
					};
					AB8F20B12A41E1D0004F9966 = {
						CreatedOnToolsVersion = 14.3;
						TestTargetID = AB8F20A12A41E1CF004F9966;
					};
					AB8F20BB2A41E1D0004F9966 = {
						CreatedOnToolsVersion = 14.3;
						TestTargetID = AB8F20A12A41E1CF004F9966;
					};
				};
			};
			buildConfigurationList = AB8F209D2A41E1CF004F9966 /* Build configuration list for PBXProject "Homework" */;
			compatibilityVersion = "Xcode 14.0";
			developmentRegion = en;
			hasScannedForEncodings = 0;
			knownRegions = (
				en,
				Base,
			);
			mainGroup = AB8F20992A41E1CF004F9966;
			productRefGroup = AB8F20A32A41E1CF004F9966 /* Products */;
			projectDirPath = "";
			projectRoot = "";
			targets = (
				AB8F20A12A41E1CF004F9966 /* Homework */,
				AB8F20B12A41E1D0004F9966 /* HomeworkTests */,
				AB8F20BB2A41E1D0004F9966 /* HomeworkUITests */,
			);
		};
/* End PBXProject section */

/* Begin PBXResourcesBuildPhase section */
		AB8F20A02A41E1CF004F9966 /* Resources */ = {
			isa = PBXResourcesBuildPhase;
			buildActionMask = 2147483647;
			files = (
				AB8F20AD2A41E1D0004F9966 /* Preview Assets.xcassets in Resources */,
				AB8F20AA2A41E1D0004F9966 /* Assets.xcassets in Resources */,
			);
			runOnlyForDeploymentPostprocessing = 0;
		};
		AB8F20B02A41E1D0004F9966 /* Resources */ = {
			isa = PBXResourcesBuildPhase;
			buildActionMask = 2147483647;
			files = (
			);
			runOnlyForDeploymentPostprocessing = 0;
		};
		AB8F20BA2A41E1D0004F9966 /* Resources */ = {
			isa = PBXResourcesBuildPhase;
			buildActionMask = 2147483647;
			files = (
			);
			runOnlyForDeploymentPostprocessing = 0;
		};
/* End PBXResourcesBuildPhase section */

/* Begin PBXSourcesBuildPhase section */
		AB8F209E2A41E1CF004F9966 /* Sources */ = {
			isa = PBXSourcesBuildPhase;
			buildActionMask = 2147483647;
			files = (
				AB8F20A82A41E1CF004F9966 /* ContentView.swift in Sources */,
				AB8F20D02A41EDA1004F9966 /* AlignmentListView.swift in Sources */,
				ABA134152A4C6A80001820AF /* ZStackContentView.swift in Sources */,
				ABA134132A4C6A47001820AF /* HomeworkListView.swift in Sources */,
				ABA134182A4C6BC2001820AF /* HStackContentView.swift in Sources */,
				AB8F20A62A41E1CF004F9966 /* HomeworkApp.swift in Sources */,
				ABA1341A2A4DB678001820AF /* VerticalAlignment+Extension.swift in Sources */,
				AB8F20D22A433C94004F9966 /* Alignment+Extension.swift in Sources */,
				ABB5A5432A5EE976006FC159 /* ListView.swift in Sources */,
				AB8F20D42A433FB0004F9966 /* AlignmentRow.swift in Sources */,
				ABB5A5402A5EE046006FC159 /* AppStoreContentView.swift in Sources */,
			);
			runOnlyForDeploymentPostprocessing = 0;
		};
		AB8F20AE2A41E1D0004F9966 /* Sources */ = {
			isa = PBXSourcesBuildPhase;
			buildActionMask = 2147483647;
			files = (
				AB8F20B72A41E1D0004F9966 /* HomeworkTests.swift in Sources */,
			);
			runOnlyForDeploymentPostprocessing = 0;
		};
		AB8F20B82A41E1D0004F9966 /* Sources */ = {
			isa = PBXSourcesBuildPhase;
			buildActionMask = 2147483647;
			files = (
				AB8F20C32A41E1D0004F9966 /* HomeworkUITestsLaunchTests.swift in Sources */,
				AB8F20C12A41E1D0004F9966 /* HomeworkUITests.swift in Sources */,
			);
			runOnlyForDeploymentPostprocessing = 0;
		};
/* End PBXSourcesBuildPhase section */

/* Begin PBXTargetDependency section */
		AB8F20B42A41E1D0004F9966 /* PBXTargetDependency */ = {
			isa = PBXTargetDependency;
			target = AB8F20A12A41E1CF004F9966 /* Homework */;
			targetProxy = AB8F20B32A41E1D0004F9966 /* PBXContainerItemProxy */;
		};
		AB8F20BE2A41E1D0004F9966 /* PBXTargetDependency */ = {
			isa = PBXTargetDependency;
			target = AB8F20A12A41E1CF004F9966 /* Homework */;
			targetProxy = AB8F20BD2A41E1D0004F9966 /* PBXContainerItemProxy */;
		};
/* End PBXTargetDependency section */

/* Begin XCBuildConfiguration section */
		AB8F20C42A41E1D0004F9966 /* Debug */ = {
			isa = XCBuildConfiguration;
			buildSettings = {
				ALWAYS_SEARCH_USER_PATHS = NO;
				CLANG_ANALYZER_NONNULL = YES;
				CLANG_ANALYZER_NUMBER_OBJECT_CONVERSION = YES_AGGRESSIVE;
				CLANG_CXX_LANGUAGE_STANDARD = "gnu++20";
				CLANG_ENABLE_MODULES = YES;
				CLANG_ENABLE_OBJC_ARC = YES;
				CLANG_ENABLE_OBJC_WEAK = YES;
				CLANG_WARN_BLOCK_CAPTURE_AUTORELEASING = YES;
				CLANG_WARN_BOOL_CONVERSION = YES;
				CLANG_WARN_COMMA = YES;
				CLANG_WARN_CONSTANT_CONVERSION = YES;
				CLANG_WARN_DEPRECATED_OBJC_IMPLEMENTATIONS = YES;
				CLANG_WARN_DIRECT_OBJC_ISA_USAGE = YES_ERROR;
				CLANG_WARN_DOCUMENTATION_COMMENTS = YES;
				CLANG_WARN_EMPTY_BODY = YES;
				CLANG_WARN_ENUM_CONVERSION = YES;
				CLANG_WARN_INFINITE_RECURSION = YES;
				CLANG_WARN_INT_CONVERSION = YES;
				CLANG_WARN_NON_LITERAL_NULL_CONVERSION = YES;
				CLANG_WARN_OBJC_IMPLICIT_RETAIN_SELF = YES;
				CLANG_WARN_OBJC_LITERAL_CONVERSION = YES;
				CLANG_WARN_OBJC_ROOT_CLASS = YES_ERROR;
				CLANG_WARN_QUOTED_INCLUDE_IN_FRAMEWORK_HEADER = YES;
				CLANG_WARN_RANGE_LOOP_ANALYSIS = YES;
				CLANG_WARN_STRICT_PROTOTYPES = YES;
				CLANG_WARN_SUSPICIOUS_MOVE = YES;
				CLANG_WARN_UNGUARDED_AVAILABILITY = YES_AGGRESSIVE;
				CLANG_WARN_UNREACHABLE_CODE = YES;
				CLANG_WARN__DUPLICATE_METHOD_MATCH = YES;
				COPY_PHASE_STRIP = NO;
				DEBUG_INFORMATION_FORMAT = dwarf;
				ENABLE_STRICT_OBJC_MSGSEND = YES;
				ENABLE_TESTABILITY = YES;
				GCC_C_LANGUAGE_STANDARD = gnu11;
				GCC_DYNAMIC_NO_PIC = NO;
				GCC_NO_COMMON_BLOCKS = YES;
				GCC_OPTIMIZATION_LEVEL = 0;
				GCC_PREPROCESSOR_DEFINITIONS = (
					"DEBUG=1",
					"$(inherited)",
				);
				GCC_WARN_64_TO_32_BIT_CONVERSION = YES;
				GCC_WARN_ABOUT_RETURN_TYPE = YES_ERROR;
				GCC_WARN_UNDECLARED_SELECTOR = YES;
				GCC_WARN_UNINITIALIZED_AUTOS = YES_AGGRESSIVE;
				GCC_WARN_UNUSED_FUNCTION = YES;
				GCC_WARN_UNUSED_VARIABLE = YES;
				IPHONEOS_DEPLOYMENT_TARGET = 16.4;
				MTL_ENABLE_DEBUG_INFO = INCLUDE_SOURCE;
				MTL_FAST_MATH = YES;
				ONLY_ACTIVE_ARCH = YES;
				SDKROOT = iphoneos;
				SWIFT_ACTIVE_COMPILATION_CONDITIONS = DEBUG;
				SWIFT_OPTIMIZATION_LEVEL = "-Onone";
			};
			name = Debug;
		};
		AB8F20C52A41E1D0004F9966 /* Release */ = {
			isa = XCBuildConfiguration;
			buildSettings = {
				ALWAYS_SEARCH_USER_PATHS = NO;
				CLANG_ANALYZER_NONNULL = YES;
				CLANG_ANALYZER_NUMBER_OBJECT_CONVERSION = YES_AGGRESSIVE;
				CLANG_CXX_LANGUAGE_STANDARD = "gnu++20";
				CLANG_ENABLE_MODULES = YES;
				CLANG_ENABLE_OBJC_ARC = YES;
				CLANG_ENABLE_OBJC_WEAK = YES;
				CLANG_WARN_BLOCK_CAPTURE_AUTORELEASING = YES;
				CLANG_WARN_BOOL_CONVERSION = YES;
				CLANG_WARN_COMMA = YES;
				CLANG_WARN_CONSTANT_CONVERSION = YES;
				CLANG_WARN_DEPRECATED_OBJC_IMPLEMENTATIONS = YES;
				CLANG_WARN_DIRECT_OBJC_ISA_USAGE = YES_ERROR;
				CLANG_WARN_DOCUMENTATION_COMMENTS = YES;
				CLANG_WARN_EMPTY_BODY = YES;
				CLANG_WARN_ENUM_CONVERSION = YES;
				CLANG_WARN_INFINITE_RECURSION = YES;
				CLANG_WARN_INT_CONVERSION = YES;
				CLANG_WARN_NON_LITERAL_NULL_CONVERSION = YES;
				CLANG_WARN_OBJC_IMPLICIT_RETAIN_SELF = YES;
				CLANG_WARN_OBJC_LITERAL_CONVERSION = YES;
				CLANG_WARN_OBJC_ROOT_CLASS = YES_ERROR;
				CLANG_WARN_QUOTED_INCLUDE_IN_FRAMEWORK_HEADER = YES;
				CLANG_WARN_RANGE_LOOP_ANALYSIS = YES;
				CLANG_WARN_STRICT_PROTOTYPES = YES;
				CLANG_WARN_SUSPICIOUS_MOVE = YES;
				CLANG_WARN_UNGUARDED_AVAILABILITY = YES_AGGRESSIVE;
				CLANG_WARN_UNREACHABLE_CODE = YES;
				CLANG_WARN__DUPLICATE_METHOD_MATCH = YES;
				COPY_PHASE_STRIP = NO;
				DEBUG_INFORMATION_FORMAT = "dwarf-with-dsym";
				ENABLE_NS_ASSERTIONS = NO;
				ENABLE_STRICT_OBJC_MSGSEND = YES;
				GCC_C_LANGUAGE_STANDARD = gnu11;
				GCC_NO_COMMON_BLOCKS = YES;
				GCC_WARN_64_TO_32_BIT_CONVERSION = YES;
				GCC_WARN_ABOUT_RETURN_TYPE = YES_ERROR;
				GCC_WARN_UNDECLARED_SELECTOR = YES;
				GCC_WARN_UNINITIALIZED_AUTOS = YES_AGGRESSIVE;
				GCC_WARN_UNUSED_FUNCTION = YES;
				GCC_WARN_UNUSED_VARIABLE = YES;
				IPHONEOS_DEPLOYMENT_TARGET = 16.4;
				MTL_ENABLE_DEBUG_INFO = NO;
				MTL_FAST_MATH = YES;
				SDKROOT = iphoneos;
				SWIFT_COMPILATION_MODE = wholemodule;
				SWIFT_OPTIMIZATION_LEVEL = "-O";
				VALIDATE_PRODUCT = YES;
			};
			name = Release;
		};
		AB8F20C72A41E1D0004F9966 /* Debug */ = {
			isa = XCBuildConfiguration;
			buildSettings = {
				ASSETCATALOG_COMPILER_APPICON_NAME = AppIcon;
				ASSETCATALOG_COMPILER_GLOBAL_ACCENT_COLOR_NAME = AccentColor;
				CODE_SIGN_STYLE = Automatic;
				CURRENT_PROJECT_VERSION = 1;
				DEVELOPMENT_ASSET_PATHS = "\"Homework/Preview Content\"";
				DEVELOPMENT_TEAM = 597Z8539FN;
				ENABLE_PREVIEWS = YES;
				GENERATE_INFOPLIST_FILE = YES;
				INFOPLIST_KEY_UIApplicationSceneManifest_Generation = YES;
				INFOPLIST_KEY_UIApplicationSupportsIndirectInputEvents = YES;
				INFOPLIST_KEY_UILaunchScreen_Generation = YES;
				INFOPLIST_KEY_UISupportedInterfaceOrientations_iPad = "UIInterfaceOrientationPortrait UIInterfaceOrientationPortraitUpsideDown UIInterfaceOrientationLandscapeLeft UIInterfaceOrientationLandscapeRight";
				INFOPLIST_KEY_UISupportedInterfaceOrientations_iPhone = "UIInterfaceOrientationPortrait UIInterfaceOrientationLandscapeLeft UIInterfaceOrientationLandscapeRight";
				LD_RUNPATH_SEARCH_PATHS = (
					"$(inherited)",
					"@executable_path/Frameworks",
				);
				MARKETING_VERSION = 1.0;
				PRODUCT_BUNDLE_IDENTIFIER = limwin.Homework;
				PRODUCT_NAME = "$(TARGET_NAME)";
				SWIFT_EMIT_LOC_STRINGS = YES;
				SWIFT_VERSION = 5.0;
				TARGETED_DEVICE_FAMILY = "1,2";
			};
			name = Debug;
		};
		AB8F20C82A41E1D0004F9966 /* Release */ = {
			isa = XCBuildConfiguration;
			buildSettings = {
				ASSETCATALOG_COMPILER_APPICON_NAME = AppIcon;
				ASSETCATALOG_COMPILER_GLOBAL_ACCENT_COLOR_NAME = AccentColor;
				CODE_SIGN_STYLE = Automatic;
				CURRENT_PROJECT_VERSION = 1;
				DEVELOPMENT_ASSET_PATHS = "\"Homework/Preview Content\"";
				DEVELOPMENT_TEAM = 597Z8539FN;
				ENABLE_PREVIEWS = YES;
				GENERATE_INFOPLIST_FILE = YES;
				INFOPLIST_KEY_UIApplicationSceneManifest_Generation = YES;
				INFOPLIST_KEY_UIApplicationSupportsIndirectInputEvents = YES;
				INFOPLIST_KEY_UILaunchScreen_Generation = YES;
				INFOPLIST_KEY_UISupportedInterfaceOrientations_iPad = "UIInterfaceOrientationPortrait UIInterfaceOrientationPortraitUpsideDown UIInterfaceOrientationLandscapeLeft UIInterfaceOrientationLandscapeRight";
				INFOPLIST_KEY_UISupportedInterfaceOrientations_iPhone = "UIInterfaceOrientationPortrait UIInterfaceOrientationLandscapeLeft UIInterfaceOrientationLandscapeRight";
				LD_RUNPATH_SEARCH_PATHS = (
					"$(inherited)",
					"@executable_path/Frameworks",
				);
				MARKETING_VERSION = 1.0;
				PRODUCT_BUNDLE_IDENTIFIER = limwin.Homework;
				PRODUCT_NAME = "$(TARGET_NAME)";
				SWIFT_EMIT_LOC_STRINGS = YES;
				SWIFT_VERSION = 5.0;
				TARGETED_DEVICE_FAMILY = "1,2";
			};
			name = Release;
		};
		AB8F20CA2A41E1D0004F9966 /* Debug */ = {
			isa = XCBuildConfiguration;
			buildSettings = {
				ALWAYS_EMBED_SWIFT_STANDARD_LIBRARIES = YES;
				BUNDLE_LOADER = "$(TEST_HOST)";
				CODE_SIGN_STYLE = Automatic;
				CURRENT_PROJECT_VERSION = 1;
				DEVELOPMENT_TEAM = 597Z8539FN;
				GENERATE_INFOPLIST_FILE = YES;
				IPHONEOS_DEPLOYMENT_TARGET = 16.4;
				MARKETING_VERSION = 1.0;
				PRODUCT_BUNDLE_IDENTIFIER = limwin.HomeworkTests;
				PRODUCT_NAME = "$(TARGET_NAME)";
				SWIFT_EMIT_LOC_STRINGS = NO;
				SWIFT_VERSION = 5.0;
				TARGETED_DEVICE_FAMILY = "1,2";
				TEST_HOST = "$(BUILT_PRODUCTS_DIR)/Homework.app/$(BUNDLE_EXECUTABLE_FOLDER_PATH)/Homework";
			};
			name = Debug;
		};
		AB8F20CB2A41E1D0004F9966 /* Release */ = {
			isa = XCBuildConfiguration;
			buildSettings = {
				ALWAYS_EMBED_SWIFT_STANDARD_LIBRARIES = YES;
				BUNDLE_LOADER = "$(TEST_HOST)";
				CODE_SIGN_STYLE = Automatic;
				CURRENT_PROJECT_VERSION = 1;
				DEVELOPMENT_TEAM = 597Z8539FN;
				GENERATE_INFOPLIST_FILE = YES;
				IPHONEOS_DEPLOYMENT_TARGET = 16.4;
				MARKETING_VERSION = 1.0;
				PRODUCT_BUNDLE_IDENTIFIER = limwin.HomeworkTests;
				PRODUCT_NAME = "$(TARGET_NAME)";
				SWIFT_EMIT_LOC_STRINGS = NO;
				SWIFT_VERSION = 5.0;
				TARGETED_DEVICE_FAMILY = "1,2";
				TEST_HOST = "$(BUILT_PRODUCTS_DIR)/Homework.app/$(BUNDLE_EXECUTABLE_FOLDER_PATH)/Homework";
			};
			name = Release;
		};
		AB8F20CD2A41E1D0004F9966 /* Debug */ = {
			isa = XCBuildConfiguration;
			buildSettings = {
				ALWAYS_EMBED_SWIFT_STANDARD_LIBRARIES = YES;
				CODE_SIGN_STYLE = Automatic;
				CURRENT_PROJECT_VERSION = 1;
				DEVELOPMENT_TEAM = 597Z8539FN;
				GENERATE_INFOPLIST_FILE = YES;
				MARKETING_VERSION = 1.0;
				PRODUCT_BUNDLE_IDENTIFIER = limwin.HomeworkUITests;
				PRODUCT_NAME = "$(TARGET_NAME)";
				SWIFT_EMIT_LOC_STRINGS = NO;
				SWIFT_VERSION = 5.0;
				TARGETED_DEVICE_FAMILY = "1,2";
				TEST_TARGET_NAME = Homework;
			};
			name = Debug;
		};
		AB8F20CE2A41E1D0004F9966 /* Release */ = {
			isa = XCBuildConfiguration;
			buildSettings = {
				ALWAYS_EMBED_SWIFT_STANDARD_LIBRARIES = YES;
				CODE_SIGN_STYLE = Automatic;
				CURRENT_PROJECT_VERSION = 1;
				DEVELOPMENT_TEAM = 597Z8539FN;
				GENERATE_INFOPLIST_FILE = YES;
				MARKETING_VERSION = 1.0;
				PRODUCT_BUNDLE_IDENTIFIER = limwin.HomeworkUITests;
				PRODUCT_NAME = "$(TARGET_NAME)";
				SWIFT_EMIT_LOC_STRINGS = NO;
				SWIFT_VERSION = 5.0;
				TARGETED_DEVICE_FAMILY = "1,2";
				TEST_TARGET_NAME = Homework;
			};
			name = Release;
		};
/* End XCBuildConfiguration section */

/* Begin XCConfigurationList section */
		AB8F209D2A41E1CF004F9966 /* Build configuration list for PBXProject "Homework" */ = {
			isa = XCConfigurationList;
			buildConfigurations = (
				AB8F20C42A41E1D0004F9966 /* Debug */,
				AB8F20C52A41E1D0004F9966 /* Release */,
			);
			defaultConfigurationIsVisible = 0;
			defaultConfigurationName = Release;
		};
		AB8F20C62A41E1D0004F9966 /* Build configuration list for PBXNativeTarget "Homework" */ = {
			isa = XCConfigurationList;
			buildConfigurations = (
				AB8F20C72A41E1D0004F9966 /* Debug */,
				AB8F20C82A41E1D0004F9966 /* Release */,
			);
			defaultConfigurationIsVisible = 0;
			defaultConfigurationName = Release;
		};
		AB8F20C92A41E1D0004F9966 /* Build configuration list for PBXNativeTarget "HomeworkTests" */ = {
			isa = XCConfigurationList;
			buildConfigurations = (
				AB8F20CA2A41E1D0004F9966 /* Debug */,
				AB8F20CB2A41E1D0004F9966 /* Release */,
			);
			defaultConfigurationIsVisible = 0;
			defaultConfigurationName = Release;
		};
		AB8F20CC2A41E1D0004F9966 /* Build configuration list for PBXNativeTarget "HomeworkUITests" */ = {
			isa = XCConfigurationList;
			buildConfigurations = (
				AB8F20CD2A41E1D0004F9966 /* Debug */,
				AB8F20CE2A41E1D0004F9966 /* Release */,
			);
			defaultConfigurationIsVisible = 0;
			defaultConfigurationName = Release;
		};
/* End XCConfigurationList section */
	};
	rootObject = AB8F209A2A41E1CF004F9966 /* Project object */;
}
